
Microsoft Visual Studio Solution File, Format Version 12.00
# Visual Studio Version 17
VisualStudioVersion = 17.12.35527.113
MinimumVisualStudioVersion = 10.0.40219.1
Project("{FAE04EC0-301F-11D3-BF4B-00C04F79EFBC}") = "BounceRingGL", "BounceRing\BounceRingGL.csproj", "{B12496D3-7A92-4D5A-BAB3-1B35EF87B0FE}"
EndProject
Project("{FAE04EC0-301F-11D3-BF4B-00C04F79EFBC}") = "BounceRingServer", "BounceRingServer\BounceRingServer.csproj", "{65087424-878D-44CA-9C97-6C8513CC264E}"
EndProject
Project("{FAE04EC0-301F-11D3-BF4B-00C04F79EFBC}") = "NatunaticApi", "NatunaticApi\NatunaticApi.csproj", "{C02519AA-627A-47C5-9FC1-89B1690C9248}"
EndProject
Project("{FAE04EC0-301F-11D3-BF4B-00C04F79EFBC}") = "BounceRingAndroid", "BounceRingAndroid\BounceRingAndroid.csproj", "{2D98A324-B3B4-4486-8F45-40633F21160D}"
EndProject
Project("{FAE04EC0-301F-11D3-BF4B-00C04F79EFBC}") = "BounceRingXbox", "BounceRingXbox\BounceRingXbox.csproj", "{441492B2-C63F-42A4-8641-C7455C754280}"
EndProject
Project("{C7167F0D-BC9F-4E6E-AFE1-012C56B48DB5}") = "UwpPacking", "UwpPacking\UwpPacking.wapproj", "{5AB71159-B698-4DFF-A45E-EC84ABBDDFAF}"
EndProject
Project("{D954291E-2A0B-460D-934E-DC6B0785DB48}") = "BounceRingGlobal", "BounceRingGlobal2\BounceRingGlobal.shproj", "{A0CDBD0E-3A41-42B7-9425-A838BC2C7383}"
EndProject
Global
	GlobalSection(SolutionConfigurationPlatforms) = preSolution
		Debug|Any CPU = Debug|Any CPU
		Debug|ARM = Debug|ARM
		Debug|ARM64 = Debug|ARM64
		Debug|x64 = Debug|x64
		Debug|x86 = Debug|x86
		Release|Any CPU = Release|Any CPU
		Release|ARM = Release|ARM
		Release|ARM64 = Release|ARM64
		Release|x64 = Release|x64
		Release|x86 = Release|x86
	EndGlobalSection
	GlobalSection(ProjectConfigurationPlatforms) = postSolution
		{B12496D3-7A92-4D5A-BAB3-1B35EF87B0FE}.Debug|Any CPU.ActiveCfg = Debug|Any CPU
		{B12496D3-7A92-4D5A-BAB3-1B35EF87B0FE}.Debug|Any CPU.Build.0 = Debug|Any CPU
		{B12496D3-7A92-4D5A-BAB3-1B35EF87B0FE}.Debug|ARM.ActiveCfg = Debug|Any CPU
		{B12496D3-7A92-4D5A-BAB3-1B35EF87B0FE}.Debug|ARM.Build.0 = Debug|Any CPU
		{B12496D3-7A92-4D5A-BAB3-1B35EF87B0FE}.Debug|ARM64.ActiveCfg = Debug|Any CPU
		{B12496D3-7A92-4D5A-BAB3-1B35EF87B0FE}.Debug|ARM64.Build.0 = Debug|Any CPU
		{B12496D3-7A92-4D5A-BAB3-1B35EF87B0FE}.Debug|x64.ActiveCfg = Debug|Any CPU
		{B12496D3-7A92-4D5A-BAB3-1B35EF87B0FE}.Debug|x64.Build.0 = Debug|Any CPU
		{B12496D3-7A92-4D5A-BAB3-1B35EF87B0FE}.Debug|x86.ActiveCfg = Debug|Any CPU
		{B12496D3-7A92-4D5A-BAB3-1B35EF87B0FE}.Debug|x86.Build.0 = Debug|Any CPU
		{B12496D3-7A92-4D5A-BAB3-1B35EF87B0FE}.Release|Any CPU.ActiveCfg = Release|Any CPU
		{B12496D3-7A92-4D5A-BAB3-1B35EF87B0FE}.Release|Any CPU.Build.0 = Release|Any CPU
		{B12496D3-7A92-4D5A-BAB3-1B35EF87B0FE}.Release|ARM.ActiveCfg = Release|Any CPU
		{B12496D3-7A92-4D5A-BAB3-1B35EF87B0FE}.Release|ARM.Build.0 = Release|Any CPU
		{B12496D3-7A92-4D5A-BAB3-1B35EF87B0FE}.Release|ARM64.ActiveCfg = Release|Any CPU
		{B12496D3-7A92-4D5A-BAB3-1B35EF87B0FE}.Release|ARM64.Build.0 = Release|Any CPU
		{B12496D3-7A92-4D5A-BAB3-1B35EF87B0FE}.Release|x64.ActiveCfg = Release|Any CPU
		{B12496D3-7A92-4D5A-BAB3-1B35EF87B0FE}.Release|x64.Build.0 = Release|Any CPU
		{B12496D3-7A92-4D5A-BAB3-1B35EF87B0FE}.Release|x86.ActiveCfg = Release|Any CPU
		{B12496D3-7A92-4D5A-BAB3-1B35EF87B0FE}.Release|x86.Build.0 = Release|Any CPU
		{65087424-878D-44CA-9C97-6C8513CC264E}.Debug|Any CPU.ActiveCfg = Debug|Any CPU
		{65087424-878D-44CA-9C97-6C8513CC264E}.Debug|Any CPU.Build.0 = Debug|Any CPU
		{65087424-878D-44CA-9C97-6C8513CC264E}.Debug|ARM.ActiveCfg = Debug|Any CPU
		{65087424-878D-44CA-9C97-6C8513CC264E}.Debug|ARM.Build.0 = Debug|Any CPU
		{65087424-878D-44CA-9C97-6C8513CC264E}.Debug|ARM64.ActiveCfg = Debug|Any CPU
		{65087424-878D-44CA-9C97-6C8513CC264E}.Debug|ARM64.Build.0 = Debug|Any CPU
		{65087424-878D-44CA-9C97-6C8513CC264E}.Debug|x64.ActiveCfg = Debug|Any CPU
		{65087424-878D-44CA-9C97-6C8513CC264E}.Debug|x64.Build.0 = Debug|Any CPU
		{65087424-878D-44CA-9C97-6C8513CC264E}.Debug|x86.ActiveCfg = Debug|Any CPU
		{65087424-878D-44CA-9C97-6C8513CC264E}.Debug|x86.Build.0 = Debug|Any CPU
		{65087424-878D-44CA-9C97-6C8513CC264E}.Release|Any CPU.ActiveCfg = Release|Any CPU
		{65087424-878D-44CA-9C97-6C8513CC264E}.Release|Any CPU.Build.0 = Release|Any CPU
		{65087424-878D-44CA-9C97-6C8513CC264E}.Release|ARM.ActiveCfg = Release|Any CPU
		{65087424-878D-44CA-9C97-6C8513CC264E}.Release|ARM.Build.0 = Release|Any CPU
		{65087424-878D-44CA-9C97-6C8513CC264E}.Release|ARM64.ActiveCfg = Release|Any CPU
		{65087424-878D-44CA-9C97-6C8513CC264E}.Release|ARM64.Build.0 = Release|Any CPU
		{65087424-878D-44CA-9C97-6C8513CC264E}.Release|x64.ActiveCfg = Release|Any CPU
		{65087424-878D-44CA-9C97-6C8513CC264E}.Release|x64.Build.0 = Release|Any CPU
		{65087424-878D-44CA-9C97-6C8513CC264E}.Release|x86.ActiveCfg = Release|Any CPU
		{65087424-878D-44CA-9C97-6C8513CC264E}.Release|x86.Build.0 = Release|Any CPU
		{C02519AA-627A-47C5-9FC1-89B1690C9248}.Debug|Any CPU.ActiveCfg = Debug|Any CPU
		{C02519AA-627A-47C5-9FC1-89B1690C9248}.Debug|Any CPU.Build.0 = Debug|Any CPU
		{C02519AA-627A-47C5-9FC1-89B1690C9248}.Debug|ARM.ActiveCfg = Debug|Any CPU
		{C02519AA-627A-47C5-9FC1-89B1690C9248}.Debug|ARM.Build.0 = Debug|Any CPU
		{C02519AA-627A-47C5-9FC1-89B1690C9248}.Debug|ARM64.ActiveCfg = Debug|Any CPU
		{C02519AA-627A-47C5-9FC1-89B1690C9248}.Debug|ARM64.Build.0 = Debug|Any CPU
		{C02519AA-627A-47C5-9FC1-89B1690C9248}.Debug|x64.ActiveCfg = Debug|Any CPU
		{C02519AA-627A-47C5-9FC1-89B1690C9248}.Debug|x64.Build.0 = Debug|Any CPU
		{C02519AA-627A-47C5-9FC1-89B1690C9248}.Debug|x86.ActiveCfg = Debug|Any CPU
		{C02519AA-627A-47C5-9FC1-89B1690C9248}.Debug|x86.Build.0 = Debug|Any CPU
		{C02519AA-627A-47C5-9FC1-89B1690C9248}.Release|Any CPU.ActiveCfg = Release|Any CPU
		{C02519AA-627A-47C5-9FC1-89B1690C9248}.Release|Any CPU.Build.0 = Release|Any CPU
		{C02519AA-627A-47C5-9FC1-89B1690C9248}.Release|ARM.ActiveCfg = Release|Any CPU
		{C02519AA-627A-47C5-9FC1-89B1690C9248}.Release|ARM.Build.0 = Release|Any CPU
		{C02519AA-627A-47C5-9FC1-89B1690C9248}.Release|ARM64.ActiveCfg = Release|Any CPU
		{C02519AA-627A-47C5-9FC1-89B1690C9248}.Release|ARM64.Build.0 = Release|Any CPU
		{C02519AA-627A-47C5-9FC1-89B1690C9248}.Release|x64.ActiveCfg = Release|Any CPU
		{C02519AA-627A-47C5-9FC1-89B1690C9248}.Release|x64.Build.0 = Release|Any CPU
		{C02519AA-627A-47C5-9FC1-89B1690C9248}.Release|x86.ActiveCfg = Release|Any CPU
		{C02519AA-627A-47C5-9FC1-89B1690C9248}.Release|x86.Build.0 = Release|Any CPU
		{2D98A324-B3B4-4486-8F45-40633F21160D}.Debug|Any CPU.ActiveCfg = Debug|Any CPU
		{2D98A324-B3B4-4486-8F45-40633F21160D}.Debug|Any CPU.Build.0 = Debug|Any CPU
		{2D98A324-B3B4-4486-8F45-40633F21160D}.Debug|Any CPU.Deploy.0 = Debug|Any CPU
		{2D98A324-B3B4-4486-8F45-40633F21160D}.Debug|ARM.ActiveCfg = Debug|Any CPU
		{2D98A324-B3B4-4486-8F45-40633F21160D}.Debug|ARM.Build.0 = Debug|Any CPU
		{2D98A324-B3B4-4486-8F45-40633F21160D}.Debug|ARM.Deploy.0 = Debug|Any CPU
		{2D98A324-B3B4-4486-8F45-40633F21160D}.Debug|ARM64.ActiveCfg = Debug|Any CPU
		{2D98A324-B3B4-4486-8F45-40633F21160D}.Debug|ARM64.Build.0 = Debug|Any CPU
		{2D98A324-B3B4-4486-8F45-40633F21160D}.Debug|ARM64.Deploy.0 = Debug|Any CPU
		{2D98A324-B3B4-4486-8F45-40633F21160D}.Debug|x64.ActiveCfg = Debug|Any CPU
		{2D98A324-B3B4-4486-8F45-40633F21160D}.Debug|x64.Build.0 = Debug|Any CPU
		{2D98A324-B3B4-4486-8F45-40633F21160D}.Debug|x64.Deploy.0 = Debug|Any CPU
		{2D98A324-B3B4-4486-8F45-40633F21160D}.Debug|x86.ActiveCfg = Debug|Any CPU
		{2D98A324-B3B4-4486-8F45-40633F21160D}.Debug|x86.Build.0 = Debug|Any CPU
		{2D98A324-B3B4-4486-8F45-40633F21160D}.Debug|x86.Deploy.0 = Debug|Any CPU
		{2D98A324-B3B4-4486-8F45-40633F21160D}.Release|Any CPU.ActiveCfg = Release|Any CPU
		{2D98A324-B3B4-4486-8F45-40633F21160D}.Release|Any CPU.Build.0 = Release|Any CPU
		{2D98A324-B3B4-4486-8F45-40633F21160D}.Release|ARM.ActiveCfg = Release|Any CPU
		{2D98A324-B3B4-4486-8F45-40633F21160D}.Release|ARM.Build.0 = Release|Any CPU
		{2D98A324-B3B4-4486-8F45-40633F21160D}.Release|ARM.Deploy.0 = Release|Any CPU
		{2D98A324-B3B4-4486-8F45-40633F21160D}.Release|ARM64.ActiveCfg = Release|Any CPU
		{2D98A324-B3B4-4486-8F45-40633F21160D}.Release|ARM64.Build.0 = Release|Any CPU
		{2D98A324-B3B4-4486-8F45-40633F21160D}.Release|ARM64.Deploy.0 = Release|Any CPU
		{2D98A324-B3B4-4486-8F45-40633F21160D}.Release|x64.ActiveCfg = Release|Any CPU
		{2D98A324-B3B4-4486-8F45-40633F21160D}.Release|x64.Build.0 = Release|Any CPU
		{2D98A324-B3B4-4486-8F45-40633F21160D}.Release|x64.Deploy.0 = Release|Any CPU
		{2D98A324-B3B4-4486-8F45-40633F21160D}.Release|x86.ActiveCfg = Release|Any CPU
		{2D98A324-B3B4-4486-8F45-40633F21160D}.Release|x86.Build.0 = Release|Any CPU
		{2D98A324-B3B4-4486-8F45-40633F21160D}.Release|x86.Deploy.0 = Release|Any CPU
		{441492B2-C63F-42A4-8641-C7455C754280}.Debug|Any CPU.ActiveCfg = Debug|Any CPU
		{441492B2-C63F-42A4-8641-C7455C754280}.Debug|Any CPU.Build.0 = Debug|Any CPU
		{441492B2-C63F-42A4-8641-C7455C754280}.Debug|ARM.ActiveCfg = Debug|Any CPU
		{441492B2-C63F-42A4-8641-C7455C754280}.Debug|ARM.Build.0 = Debug|Any CPU
		{441492B2-C63F-42A4-8641-C7455C754280}.Debug|ARM64.ActiveCfg = Debug|Any CPU
		{441492B2-C63F-42A4-8641-C7455C754280}.Debug|ARM64.Build.0 = Debug|Any CPU
		{441492B2-C63F-42A4-8641-C7455C754280}.Debug|x64.ActiveCfg = Debug|Any CPU
		{441492B2-C63F-42A4-8641-C7455C754280}.Debug|x64.Build.0 = Debug|Any CPU
		{441492B2-C63F-42A4-8641-C7455C754280}.Debug|x86.ActiveCfg = Debug|Any CPU
		{441492B2-C63F-42A4-8641-C7455C754280}.Debug|x86.Build.0 = Debug|Any CPU
		{441492B2-C63F-42A4-8641-C7455C754280}.Release|Any CPU.ActiveCfg = Release|Any CPU
		{441492B2-C63F-42A4-8641-C7455C754280}.Release|Any CPU.Build.0 = Release|Any CPU
		{441492B2-C63F-42A4-8641-C7455C754280}.Release|ARM.ActiveCfg = Release|Any CPU
		{441492B2-C63F-42A4-8641-C7455C754280}.Release|ARM.Build.0 = Release|Any CPU
		{441492B2-C63F-42A4-8641-C7455C754280}.Release|ARM64.ActiveCfg = Release|Any CPU
		{441492B2-C63F-42A4-8641-C7455C754280}.Release|ARM64.Build.0 = Release|Any CPU
		{441492B2-C63F-42A4-8641-C7455C754280}.Release|x64.ActiveCfg = Release|Any CPU
		{441492B2-C63F-42A4-8641-C7455C754280}.Release|x64.Build.0 = Release|Any CPU
		{441492B2-C63F-42A4-8641-C7455C754280}.Release|x86.ActiveCfg = Release|Any CPU
		{441492B2-C63F-42A4-8641-C7455C754280}.Release|x86.Build.0 = Release|Any CPU
		{5AB71159-B698-4DFF-A45E-EC84ABBDDFAF}.Debug|Any CPU.ActiveCfg = Debug|Any CPU
		{5AB71159-B698-4DFF-A45E-EC84ABBDDFAF}.Debug|Any CPU.Build.0 = Debug|Any CPU
		{5AB71159-B698-4DFF-A45E-EC84ABBDDFAF}.Debug|Any CPU.Deploy.0 = Debug|Any CPU
		{5AB71159-B698-4DFF-A45E-EC84ABBDDFAF}.Debug|ARM.ActiveCfg = Debug|ARM
		{5AB71159-B698-4DFF-A45E-EC84ABBDDFAF}.Debug|ARM.Build.0 = Debug|ARM
		{5AB71159-B698-4DFF-A45E-EC84ABBDDFAF}.Debug|ARM.Deploy.0 = Debug|ARM
		{5AB71159-B698-4DFF-A45E-EC84ABBDDFAF}.Debug|ARM64.ActiveCfg = Debug|ARM64
		{5AB71159-B698-4DFF-A45E-EC84ABBDDFAF}.Debug|ARM64.Build.0 = Debug|ARM64
		{5AB71159-B698-4DFF-A45E-EC84ABBDDFAF}.Debug|ARM64.Deploy.0 = Debug|ARM64
		{5AB71159-B698-4DFF-A45E-EC84ABBDDFAF}.Debug|x64.ActiveCfg = Debug|x64
		{5AB71159-B698-4DFF-A45E-EC84ABBDDFAF}.Debug|x64.Build.0 = Debug|x64
		{5AB71159-B698-4DFF-A45E-EC84ABBDDFAF}.Debug|x64.Deploy.0 = Debug|x64
		{5AB71159-B698-4DFF-A45E-EC84ABBDDFAF}.Debug|x86.ActiveCfg = Debug|x86
		{5AB71159-B698-4DFF-A45E-EC84ABBDDFAF}.Debug|x86.Build.0 = Debug|x86
		{5AB71159-B698-4DFF-A45E-EC84ABBDDFAF}.Debug|x86.Deploy.0 = Debug|x86
		{5AB71159-B698-4DFF-A45E-EC84ABBDDFAF}.Release|Any CPU.ActiveCfg = Release|Any CPU
		{5AB71159-B698-4DFF-A45E-EC84ABBDDFAF}.Release|Any CPU.Build.0 = Release|Any CPU
		{5AB71159-B698-4DFF-A45E-EC84ABBDDFAF}.Release|Any CPU.Deploy.0 = Release|Any CPU
		{5AB71159-B698-4DFF-A45E-EC84ABBDDFAF}.Release|ARM.ActiveCfg = Release|ARM
		{5AB71159-B698-4DFF-A45E-EC84ABBDDFAF}.Release|ARM.Build.0 = Release|ARM
		{5AB71159-B698-4DFF-A45E-EC84ABBDDFAF}.Release|ARM.Deploy.0 = Release|ARM
		{5AB71159-B698-4DFF-A45E-EC84ABBDDFAF}.Release|ARM64.ActiveCfg = Release|ARM64
		{5AB71159-B698-4DFF-A45E-EC84ABBDDFAF}.Release|ARM64.Build.0 = Release|ARM64
		{5AB71159-B698-4DFF-A45E-EC84ABBDDFAF}.Release|ARM64.Deploy.0 = Release|ARM64
		{5AB71159-B698-4DFF-A45E-EC84ABBDDFAF}.Release|x64.ActiveCfg = Release|x64
		{5AB71159-B698-4DFF-A45E-EC84ABBDDFAF}.Release|x64.Build.0 = Release|x64
		{5AB71159-B698-4DFF-A45E-EC84ABBDDFAF}.Release|x64.Deploy.0 = Release|x64
		{5AB71159-B698-4DFF-A45E-EC84ABBDDFAF}.Release|x86.ActiveCfg = Release|x86
		{5AB71159-B698-4DFF-A45E-EC84ABBDDFAF}.Release|x86.Build.0 = Release|x86
		{5AB71159-B698-4DFF-A45E-EC84ABBDDFAF}.Release|x86.Deploy.0 = Release|x86
	EndGlobalSection
	GlobalSection(SolutionProperties) = preSolution
		HideSolutionNode = FALSE
	EndGlobalSection
	GlobalSection(SharedMSBuildProjectFiles) = preSolution
		BounceRingGlobal2\BounceRingGlobal2.projitems*{2d98a324-b3b4-4486-8f45-40633f21160d}*SharedItemsImports = 5
		BounceRingGlobal2\BounceRingGlobal2.projitems*{441492b2-c63f-42a4-8641-c7455c754280}*SharedItemsImports = 5
		BounceRingGlobal2\BounceRingGlobal2.projitems*{a0cdbd0e-3a41-42b7-9425-a838bc2c7383}*SharedItemsImports = 13
		BounceRingGlobal2\BounceRingGlobal2.projitems*{b12496d3-7a92-4d5a-bab3-1b35ef87b0fe}*SharedItemsImports = 5
	EndGlobalSection
EndGlobal
